
Microsoft Visual Studio Solution File, Format Version 12.00
# Visual Studio Version 17
VisualStudioVersion = 17.13.35919.96
MinimumVisualStudioVersion = 10.0.40219.1
Project("{FAE04EC0-301F-11D3-BF4B-00C04F79EFBC}") = "Clinic.Domain", "Clinic.Domain\Clinic.Domain.csproj", "{ACA51004-276A-5FAE-973C-ED8CB28A080B}"
EndProject
Project("{FAE04EC0-301F-11D3-BF4B-00C04F79EFBC}") = "Clinic.Infrastructure", "Clinic.Infrastructure\Clinic.Infrastructure.csproj", "{44216279-DFB9-4A12-A857-41CEEC0417F0}"
EndProject
Project("{FAE04EC0-301F-11D3-BF4B-00C04F79EFBC}") = "Clinic.Shared", "Clinic.Shared\Clinic.Shared.csproj", "{9C2043AB-BD1D-404C-B244-ABB7E9DEF6D4}"
EndProject
Project("{FAE04EC0-301F-11D3-BF4B-00C04F79EFBC}") = "Clinic.Application", "Clinic.Application\Clinic.Application.csproj", "{DCCAEF5E-1CD0-46E1-94FB-CE0649CCBCFD}"
EndProject
Project("{FAE04EC0-301F-11D3-BF4B-00C04F79EFBC}") = "Clinic.API", "Clinic.API\Clinic.API.csproj", "{49CBF7D5-7D5D-44EC-B7AB-01C0EB3FE073}"
EndProject
Global
	GlobalSection(SolutionConfigurationPlatforms) = preSolution
		Debug|Any CPU = Debug|Any CPU
		Release|Any CPU = Release|Any CPU
	EndGlobalSection
	GlobalSection(ProjectConfigurationPlatforms) = postSolution
		{ACA51004-276A-5FAE-973C-ED8CB28A080B}.Debug|Any CPU.ActiveCfg = Debug|Any CPU
		{ACA51004-276A-5FAE-973C-ED8CB28A080B}.Debug|Any CPU.Build.0 = Debug|Any CPU
		{ACA51004-276A-5FAE-973C-ED8CB28A080B}.Release|Any CPU.ActiveCfg = Release|Any CPU
		{ACA51004-276A-5FAE-973C-ED8CB28A080B}.Release|Any CPU.Build.0 = Release|Any CPU
		{44216279-DFB9-4A12-A857-41CEEC0417F0}.Debug|Any CPU.ActiveCfg = Debug|Any CPU
		{44216279-DFB9-4A12-A857-41CEEC0417F0}.Debug|Any CPU.Build.0 = Debug|Any CPU
		{44216279-DFB9-4A12-A857-41CEEC0417F0}.Release|Any CPU.ActiveCfg = Release|Any CPU
		{44216279-DFB9-4A12-A857-41CEEC0417F0}.Release|Any CPU.Build.0 = Release|Any CPU
		{9C2043AB-BD1D-404C-B244-ABB7E9DEF6D4}.Debug|Any CPU.ActiveCfg = Debug|Any CPU
		{9C2043AB-BD1D-404C-B244-ABB7E9DEF6D4}.Debug|Any CPU.Build.0 = Debug|Any CPU
		{9C2043AB-BD1D-404C-B244-ABB7E9DEF6D4}.Release|Any CPU.ActiveCfg = Release|Any CPU
		{9C2043AB-BD1D-404C-B244-ABB7E9DEF6D4}.Release|Any CPU.Build.0 = Release|Any CPU
		{DCCAEF5E-1CD0-46E1-94FB-CE0649CCBCFD}.Debug|Any CPU.ActiveCfg = Debug|Any CPU
		{DCCAEF5E-1CD0-46E1-94FB-CE0649CCBCFD}.Debug|Any CPU.Build.0 = Debug|Any CPU
		{DCCAEF5E-1CD0-46E1-94FB-CE0649CCBCFD}.Release|Any CPU.ActiveCfg = Release|Any CPU
		{DCCAEF5E-1CD0-46E1-94FB-CE0649CCBCFD}.Release|Any CPU.Build.0 = Release|Any CPU
		{49CBF7D5-7D5D-44EC-B7AB-01C0EB3FE073}.Debug|Any CPU.ActiveCfg = Debug|Any CPU
		{49CBF7D5-7D5D-44EC-B7AB-01C0EB3FE073}.Debug|Any CPU.Build.0 = Debug|Any CPU
		{49CBF7D5-7D5D-44EC-B7AB-01C0EB3FE073}.Release|Any CPU.ActiveCfg = Release|Any CPU
		{49CBF7D5-7D5D-44EC-B7AB-01C0EB3FE073}.Release|Any CPU.Build.0 = Release|Any CPU
	EndGlobalSection
	GlobalSection(SolutionProperties) = preSolution
		HideSolutionNode = FALSE
	EndGlobalSection
	GlobalSection(ExtensibilityGlobals) = postSolution
		SolutionGuid = {B2228F1E-3AF8-4A1C-97E3-2EFAB1320AA9}
	EndGlobalSection
EndGlobal
